
Microsoft Visual Studio Solution File, Format Version 12.00
# Visual Studio Version 16
VisualStudioVersion = 16.0.30611.23
MinimumVisualStudioVersion = 10.0.40219.1
Project("{FAE04EC0-301F-11D3-BF4B-00C04F79EFBC}") = "Interface-Abstract--Example", "Interface-Abstract--Example\Interface-Abstract--Example.csproj", "{5AD34126-B5B2-4647-AE43-F7BCF259E08D}"
EndProject
Global
	GlobalSection(SolutionConfigurationPlatforms) = preSolution
		Debug|Any CPU = Debug|Any CPU
		Release|Any CPU = Release|Any CPU
	EndGlobalSection
	GlobalSection(ProjectConfigurationPlatforms) = postSolution
		{5AD34126-B5B2-4647-AE43-F7BCF259E08D}.Debug|Any CPU.ActiveCfg = Debug|Any CPU
		{5AD34126-B5B2-4647-AE43-F7BCF259E08D}.Debug|Any CPU.Build.0 = Debug|Any CPU
		{5AD34126-B5B2-4647-AE43-F7BCF259E08D}.Release|Any CPU.ActiveCfg = Release|Any CPU
		{5AD34126-B5B2-4647-AE43-F7BCF259E08D}.Release|Any CPU.Build.0 = Release|Any CPU
	EndGlobalSection
	GlobalSection(SolutionProperties) = preSolution
		HideSolutionNode = FALSE
	EndGlobalSection
	GlobalSection(ExtensibilityGlobals) = postSolution
		SolutionGuid = {978BEB7D-2088-4253-9C87-9028D14F0661}
	EndGlobalSection
EndGlobal
